
Microsoft Visual Studio Solution File, Format Version 12.00
# Visual Studio Version 17
VisualStudioVersion = 17.2.32516.85
MinimumVisualStudioVersion = 10.0.40219.1
Project("{FAE04EC0-301F-11D3-BF4B-00C04F79EFBC}") = "SyntaxSugarDemo", "SyntaxSugarDemo\SyntaxSugarDemo.csproj", "{C36D55F9-66AD-4431-B47F-FDF308B818D7}"
EndProject
Global
	GlobalSection(SolutionConfigurationPlatforms) = preSolution
		Debug|Any CPU = Debug|Any CPU
		Release|Any CPU = Release|Any CPU
	EndGlobalSection
	GlobalSection(ProjectConfigurationPlatforms) = postSolution
		{C36D55F9-66AD-4431-B47F-FDF308B818D7}.Debug|Any CPU.ActiveCfg = Debug|Any CPU
		{C36D55F9-66AD-4431-B47F-FDF308B818D7}.Debug|Any CPU.Build.0 = Debug|Any CPU
		{C36D55F9-66AD-4431-B47F-FDF308B818D7}.Release|Any CPU.ActiveCfg = Release|Any CPU
		{C36D55F9-66AD-4431-B47F-FDF308B818D7}.Release|Any CPU.Build.0 = Release|Any CPU
	EndGlobalSection
	GlobalSection(SolutionProperties) = preSolution
		HideSolutionNode = FALSE
	EndGlobalSection
	GlobalSection(ExtensibilityGlobals) = postSolution
		SolutionGuid = {5C2C20AE-F147-4B66-A9D6-E53EF52F05DE}
	EndGlobalSection
EndGlobal
